// !$*UTF8*$!
{
	archiveVersion = 1;
	classes = {
	};
	objectVersion = 77;
	objects = {

/* Begin PBXContainerItemProxy section */
		89C8899E2D6A8142003A24B9 /* PBXContainerItemProxy */ = {
			isa = PBXContainerItemProxy;
			containerPortal = 89C889832D6A8130003A24B9 /* Project object */;
			proxyType = 1;
			remoteGlobalIDString = 89C8898A2D6A8130003A24B9;
			remoteInfo = SmokingTracker;
		};
		89C889A82D6A8142003A24B9 /* PBXContainerItemProxy */ = {
			isa = PBXContainerItemProxy;
			containerPortal = 89C889832D6A8130003A24B9 /* Project object */;
			proxyType = 1;
			remoteGlobalIDString = 89C8898A2D6A8130003A24B9;
			remoteInfo = SmokingTracker;
		};
/* End PBXContainerItemProxy section */

/* Begin PBXFileReference section */
		89C8898B2D6A8130003A24B9 /* SmokingTracker.app */ = {isa = PBXFileReference; explicitFileType = wrapper.application; includeInIndex = 0; path = SmokingTracker.app; sourceTree = BUILT_PRODUCTS_DIR; };
		89C8899D2D6A8142003A24B9 /* SmokingTrackerTests.xctest */ = {isa = PBXFileReference; explicitFileType = wrapper.cfbundle; includeInIndex = 0; path = SmokingTrackerTests.xctest; sourceTree = BUILT_PRODUCTS_DIR; };
		89C889A72D6A8142003A24B9 /* SmokingTrackerUITests.xctest */ = {isa = PBXFileReference; explicitFileType = wrapper.cfbundle; includeInIndex = 0; path = SmokingTrackerUITests.xctest; sourceTree = BUILT_PRODUCTS_DIR; };
/* End PBXFileReference section */

/* Begin PBXFileSystemSynchronizedRootGroup section */
		89C8898D2D6A8130003A24B9 /* SmokingTracker */ = {
			isa = PBXFileSystemSynchronizedRootGroup;
			path = SmokingTracker;
			sourceTree = "<group>";
		};
		89C889A02D6A8142003A24B9 /* SmokingTrackerTests */ = {
			isa = PBXFileSystemSynchronizedRootGroup;
			path = SmokingTrackerTests;
			sourceTree = "<group>";
		};
		89C889AA2D6A8142003A24B9 /* SmokingTrackerUITests */ = {
			isa = PBXFileSystemSynchronizedRootGroup;
			path = SmokingTrackerUITests;
			sourceTree = "<group>";
		};
/* End PBXFileSystemSynchronizedRootGroup section */

/* Begin PBXFrameworksBuildPhase section */
		89C889882D6A8130003A24B9 /* Frameworks */ = {
			isa = PBXFrameworksBuildPhase;
			buildActionMask = 2147483647;
			files = (
			);
			runOnlyForDeploymentPostprocessing = 0;
		};
		89C8899A2D6A8142003A24B9 /* Frameworks */ = {
			isa = PBXFrameworksBuildPhase;
			buildActionMask = 2147483647;
			files = (
			);
			runOnlyForDeploymentPostprocessing = 0;
		};
		89C889A42D6A8142003A24B9 /* Frameworks */ = {
			isa = PBXFrameworksBuildPhase;
			buildActionMask = 2147483647;
			files = (
			);
			runOnlyForDeploymentPostprocessing = 0;
		};
/* End PBXFrameworksBuildPhase section */

/* Begin PBXGroup section */
		89C889822D6A8130003A24B9 = {
			isa = PBXGroup;
			children = (
				89C8898D2D6A8130003A24B9 /* SmokingTracker */,
				89C889A02D6A8142003A24B9 /* SmokingTrackerTests */,
				89C889AA2D6A8142003A24B9 /* SmokingTrackerUITests */,
				89C8898C2D6A8130003A24B9 /* Products */,
			);
			sourceTree = "<group>";
		};
		89C8898C2D6A8130003A24B9 /* Products */ = {
			isa = PBXGroup;
			children = (
				89C8898B2D6A8130003A24B9 /* SmokingTracker.app */,
				89C8899D2D6A8142003A24B9 /* SmokingTrackerTests.xctest */,
				89C889A72D6A8142003A24B9 /* SmokingTrackerUITests.xctest */,
			);
			name = Products;
			sourceTree = "<group>";
		};
/* End PBXGroup section */

/* Begin PBXNativeTarget section */
		89C8898A2D6A8130003A24B9 /* SmokingTracker */ = {
			isa = PBXNativeTarget;
			buildConfigurationList = 89C889B12D6A8142003A24B9 /* Build configuration list for PBXNativeTarget "SmokingTracker" */;
			buildPhases = (
				89C889872D6A8130003A24B9 /* Sources */,
				89C889882D6A8130003A24B9 /* Frameworks */,
				89C889892D6A8130003A24B9 /* Resources */,
			);
			buildRules = (
			);
			dependencies = (
			);
			fileSystemSynchronizedGroups = (
				89C8898D2D6A8130003A24B9 /* SmokingTracker */,
			);
			name = SmokingTracker;
			packageProductDependencies = (
			);
			productName = SmokingTracker;
			productReference = 89C8898B2D6A8130003A24B9 /* SmokingTracker.app */;
			productType = "com.apple.product-type.application";
		};
		89C8899C2D6A8142003A24B9 /* SmokingTrackerTests */ = {
			isa = PBXNativeTarget;
			buildConfigurationList = 89C889B42D6A8142003A24B9 /* Build configuration list for PBXNativeTarget "SmokingTrackerTests" */;
			buildPhases = (
				89C889992D6A8142003A24B9 /* Sources */,
				89C8899A2D6A8142003A24B9 /* Frameworks */,
				89C8899B2D6A8142003A24B9 /* Resources */,
			);
			buildRules = (
			);
			dependencies = (
				89C8899F2D6A8142003A24B9 /* PBXTargetDependency */,
			);
			fileSystemSynchronizedGroups = (
				89C889A02D6A8142003A24B9 /* SmokingTrackerTests */,
			);
			name = SmokingTrackerTests;
			packageProductDependencies = (
			);
			productName = SmokingTrackerTests;
			productReference = 89C8899D2D6A8142003A24B9 /* SmokingTrackerTests.xctest */;
			productType = "com.apple.product-type.bundle.unit-test";
		};
		89C889A62D6A8142003A24B9 /* SmokingTrackerUITests */ = {
			isa = PBXNativeTarget;
			buildConfigurationList = 89C889B72D6A8142003A24B9 /* Build configuration list for PBXNativeTarget "SmokingTrackerUITests" */;
			buildPhases = (
				89C889A32D6A8142003A24B9 /* Sources */,
				89C889A42D6A8142003A24B9 /* Frameworks */,
				89C889A52D6A8142003A24B9 /* Resources */,
			);
			buildRules = (
			);
			dependencies = (
				89C889A92D6A8142003A24B9 /* PBXTargetDependency */,
			);
			fileSystemSynchronizedGroups = (
				89C889AA2D6A8142003A24B9 /* SmokingTrackerUITests */,
			);
			name = SmokingTrackerUITests;
			packageProductDependencies = (
			);
			productName = SmokingTrackerUITests;
			productReference = 89C889A72D6A8142003A24B9 /* SmokingTrackerUITests.xctest */;
			productType = "com.apple.product-type.bundle.ui-testing";
		};
/* End PBXNativeTarget section */

/* Begin PBXProject section */
		89C889832D6A8130003A24B9 /* Project object */ = {
			isa = PBXProject;
			attributes = {
				BuildIndependentTargetsInParallel = 1;
				LastSwiftUpdateCheck = 1620;
				LastUpgradeCheck = 1620;
				TargetAttributes = {
					89C8898A2D6A8130003A24B9 = {
						CreatedOnToolsVersion = 16.2;
					};
					89C8899C2D6A8142003A24B9 = {
						CreatedOnToolsVersion = 16.2;
						TestTargetID = 89C8898A2D6A8130003A24B9;
					};
					89C889A62D6A8142003A24B9 = {
						CreatedOnToolsVersion = 16.2;
						TestTargetID = 89C8898A2D6A8130003A24B9;
					};
				};
			};
			buildConfigurationList = 89C889862D6A8130003A24B9 /* Build configuration list for PBXProject "SmokingTracker" */;
			developmentRegion = en;
			hasScannedForEncodings = 0;
			knownRegions = (
				en,
				Base,
			);
			mainGroup = 89C889822D6A8130003A24B9;
			minimizedProjectReferenceProxies = 1;
			packageReferences = (
				89716C1E2D6BC6FB001D80C2 /* XCRemoteSwiftPackageReference "Charts" */,
			);
			preferredProjectObjectVersion = 77;
			productRefGroup = 89C8898C2D6A8130003A24B9 /* Products */;
			projectDirPath = "";
			projectRoot = "";
			targets = (
				89C8898A2D6A8130003A24B9 /* SmokingTracker */,
				89C8899C2D6A8142003A24B9 /* SmokingTrackerTests */,
				89C889A62D6A8142003A24B9 /* SmokingTrackerUITests */,
			);
		};
/* End PBXProject section */

/* Begin PBXResourcesBuildPhase section */
		89C889892D6A8130003A24B9 /* Resources */ = {
			isa = PBXResourcesBuildPhase;
			buildActionMask = 2147483647;
			files = (
			);
			runOnlyForDeploymentPostprocessing = 0;
		};
		89C8899B2D6A8142003A24B9 /* Resources */ = {
			isa = PBXResourcesBuildPhase;
			buildActionMask = 2147483647;
			files = (
			);
			runOnlyForDeploymentPostprocessing = 0;
		};
		89C889A52D6A8142003A24B9 /* Resources */ = {
			isa = PBXResourcesBuildPhase;
			buildActionMask = 2147483647;
			files = (
			);
			runOnlyForDeploymentPostprocessing = 0;
		};
/* End PBXResourcesBuildPhase section */

/* Begin PBXSourcesBuildPhase section */
		89C889872D6A8130003A24B9 /* Sources */ = {
			isa = PBXSourcesBuildPhase;
			buildActionMask = 2147483647;
			files = (
			);
			runOnlyForDeploymentPostprocessing = 0;
		};
		89C889992D6A8142003A24B9 /* Sources */ = {
			isa = PBXSourcesBuildPhase;
			buildActionMask = 2147483647;
			files = (
			);
			runOnlyForDeploymentPostprocessing = 0;
		};
		89C889A32D6A8142003A24B9 /* Sources */ = {
			isa = PBXSourcesBuildPhase;
			buildActionMask = 2147483647;
			files = (
			);
			runOnlyForDeploymentPostprocessing = 0;
		};
/* End PBXSourcesBuildPhase section */

/* Begin PBXTargetDependency section */
		89C8899F2D6A8142003A24B9 /* PBXTargetDependency */ = {
			isa = PBXTargetDependency;
			target = 89C8898A2D6A8130003A24B9 /* SmokingTracker */;
			targetProxy = 89C8899E2D6A8142003A24B9 /* PBXContainerItemProxy */;
		};
		89C889A92D6A8142003A24B9 /* PBXTargetDependency */ = {
			isa = PBXTargetDependency;
			target = 89C8898A2D6A8130003A24B9 /* SmokingTracker */;
			targetProxy = 89C889A82D6A8142003A24B9 /* PBXContainerItemProxy */;
		};
/* End PBXTargetDependency section */

/* Begin XCBuildConfiguration section */
		89C889AF2D6A8142003A24B9 /* Debug */ = {
			isa = XCBuildConfiguration;
			buildSettings = {
				ALWAYS_SEARCH_USER_PATHS = NO;
				ASSETCATALOG_COMPILER_GENERATE_SWIFT_ASSET_SYMBOL_EXTENSIONS = YES;
				CLANG_ANALYZER_NONNULL = YES;
				CLANG_ANALYZER_NUMBER_OBJECT_CONVERSION = YES_AGGRESSIVE;
				CLANG_CXX_LANGUAGE_STANDARD = "gnu++20";
				CLANG_ENABLE_MODULES = YES;
				CLANG_ENABLE_OBJC_ARC = YES;
				CLANG_ENABLE_OBJC_WEAK = YES;
				CLANG_WARN_BLOCK_CAPTURE_AUTORELEASING = YES;
				CLANG_WARN_BOOL_CONVERSION = YES;
				CLANG_WARN_COMMA = YES;
				CLANG_WARN_CONSTANT_CONVERSION = YES;
				CLANG_WARN_DEPRECATED_OBJC_IMPLEMENTATIONS = YES;
				CLANG_WARN_DIRECT_OBJC_ISA_USAGE = YES_ERROR;
				CLANG_WARN_DOCUMENTATION_COMMENTS = YES;
				CLANG_WARN_EMPTY_BODY = YES;
				CLANG_WARN_ENUM_CONVERSION = YES;
				CLANG_WARN_INFINITE_RECURSION = YES;
				CLANG_WARN_INT_CONVERSION = YES;
				CLANG_WARN_NON_LITERAL_NULL_CONVERSION = YES;
				CLANG_WARN_OBJC_IMPLICIT_RETAIN_SELF = YES;
				CLANG_WARN_OBJC_LITERAL_CONVERSION = YES;
				CLANG_WARN_OBJC_ROOT_CLASS = YES_ERROR;
				CLANG_WARN_QUOTED_INCLUDE_IN_FRAMEWORK_HEADER = YES;
				CLANG_WARN_RANGE_LOOP_ANALYSIS = YES;
				CLANG_WARN_STRICT_PROTOTYPES = YES;
				CLANG_WARN_SUSPICIOUS_MOVE = YES;
				CLANG_WARN_UNGUARDED_AVAILABILITY = YES_AGGRESSIVE;
				CLANG_WARN_UNREACHABLE_CODE = YES;
				CLANG_WARN__DUPLICATE_METHOD_MATCH = YES;
				COPY_PHASE_STRIP = NO;
				DEBUG_INFORMATION_FORMAT = dwarf;
				ENABLE_STRICT_OBJC_MSGSEND = YES;
				ENABLE_TESTABILITY = YES;
				ENABLE_USER_SCRIPT_SANDBOXING = YES;
				GCC_C_LANGUAGE_STANDARD = gnu17;
				GCC_DYNAMIC_NO_PIC = NO;
				GCC_NO_COMMON_BLOCKS = YES;
				GCC_OPTIMIZATION_LEVEL = 0;
				GCC_PREPROCESSOR_DEFINITIONS = (
					"DEBUG=1",
					"$(inherited)",
				);
				GCC_WARN_64_TO_32_BIT_CONVERSION = YES;
				GCC_WARN_ABOUT_RETURN_TYPE = YES_ERROR;
				GCC_WARN_UNDECLARED_SELECTOR = YES;
				GCC_WARN_UNINITIALIZED_AUTOS = YES_AGGRESSIVE;
				GCC_WARN_UNUSED_FUNCTION = YES;
				GCC_WARN_UNUSED_VARIABLE = YES;
				IPHONEOS_DEPLOYMENT_TARGET = 18.2;
				LOCALIZATION_PREFERS_STRING_CATALOGS = YES;
				MTL_ENABLE_DEBUG_INFO = INCLUDE_SOURCE;
				MTL_FAST_MATH = YES;
				ONLY_ACTIVE_ARCH = YES;
				SDKROOT = iphoneos;
				SWIFT_ACTIVE_COMPILATION_CONDITIONS = "DEBUG $(inherited)";
				SWIFT_OPTIMIZATION_LEVEL = "-Onone";
			};
			name = Debug;
		};
		89C889B02D6A8142003A24B9 /* Release */ = {
			isa = XCBuildConfiguration;
			buildSettings = {
				ALWAYS_SEARCH_USER_PATHS = NO;
				ASSETCATALOG_COMPILER_GENERATE_SWIFT_ASSET_SYMBOL_EXTENSIONS = YES;
				CLANG_ANALYZER_NONNULL = YES;
				CLANG_ANALYZER_NUMBER_OBJECT_CONVERSION = YES_AGGRESSIVE;
				CLANG_CXX_LANGUAGE_STANDARD = "gnu++20";
				CLANG_ENABLE_MODULES = YES;
				CLANG_ENABLE_OBJC_ARC = YES;
				CLANG_ENABLE_OBJC_WEAK = YES;
				CLANG_WARN_BLOCK_CAPTURE_AUTORELEASING = YES;
				CLANG_WARN_BOOL_CONVERSION = YES;
				CLANG_WARN_COMMA = YES;
				CLANG_WARN_CONSTANT_CONVERSION = YES;
				CLANG_WARN_DEPRECATED_OBJC_IMPLEMENTATIONS = YES;
				CLANG_WARN_DIRECT_OBJC_ISA_USAGE = YES_ERROR;
				CLANG_WARN_DOCUMENTATION_COMMENTS = YES;
				CLANG_WARN_EMPTY_BODY = YES;
				CLANG_WARN_ENUM_CONVERSION = YES;
				CLANG_WARN_INFINITE_RECURSION = YES;
				CLANG_WARN_INT_CONVERSION = YES;
				CLANG_WARN_NON_LITERAL_NULL_CONVERSION = YES;
				CLANG_WARN_OBJC_IMPLICIT_RETAIN_SELF = YES;
				CLANG_WARN_OBJC_LITERAL_CONVERSION = YES;
				CLANG_WARN_OBJC_ROOT_CLASS = YES_ERROR;
				CLANG_WARN_QUOTED_INCLUDE_IN_FRAMEWORK_HEADER = YES;
				CLANG_WARN_RANGE_LOOP_ANALYSIS = YES;
				CLANG_WARN_STRICT_PROTOTYPES = YES;
				CLANG_WARN_SUSPICIOUS_MOVE = YES;
				CLANG_WARN_UNGUARDED_AVAILABILITY = YES_AGGRESSIVE;
				CLANG_WARN_UNREACHABLE_CODE = YES;
				CLANG_WARN__DUPLICATE_METHOD_MATCH = YES;
				COPY_PHASE_STRIP = NO;
				DEBUG_INFORMATION_FORMAT = "dwarf-with-dsym";
				ENABLE_NS_ASSERTIONS = NO;
				ENABLE_STRICT_OBJC_MSGSEND = YES;
				ENABLE_USER_SCRIPT_SANDBOXING = YES;
				GCC_C_LANGUAGE_STANDARD = gnu17;
				GCC_NO_COMMON_BLOCKS = YES;
				GCC_WARN_64_TO_32_BIT_CONVERSION = YES;
				GCC_WARN_ABOUT_RETURN_TYPE = YES_ERROR;
				GCC_WARN_UNDECLARED_SELECTOR = YES;
				GCC_WARN_UNINITIALIZED_AUTOS = YES_AGGRESSIVE;
				GCC_WARN_UNUSED_FUNCTION = YES;
				GCC_WARN_UNUSED_VARIABLE = YES;
				IPHONEOS_DEPLOYMENT_TARGET = 18.2;
				LOCALIZATION_PREFERS_STRING_CATALOGS = YES;
				MTL_ENABLE_DEBUG_INFO = NO;
				MTL_FAST_MATH = YES;
				SDKROOT = iphoneos;
				SWIFT_COMPILATION_MODE = wholemodule;
				VALIDATE_PRODUCT = YES;
			};
			name = Release;
		};
		89C889B22D6A8142003A24B9 /* Debug */ = {
			isa = XCBuildConfiguration;
			buildSettings = {
				ASSETCATALOG_COMPILER_APPICON_NAME = AppIcon;
				ASSETCATALOG_COMPILER_GLOBAL_ACCENT_COLOR_NAME = AccentColor;
				CODE_SIGN_STYLE = Automatic;
				CURRENT_PROJECT_VERSION = 1;
				DEVELOPMENT_ASSET_PATHS = "\"SmokingTracker/Preview Content\"";
				DEVELOPMENT_TEAM = PJJ758JQ69;
				ENABLE_PREVIEWS = YES;
				GENERATE_INFOPLIST_FILE = YES;
				INFOPLIST_KEY_UIApplicationSceneManifest_Generation = YES;
				INFOPLIST_KEY_UIApplicationSupportsIndirectInputEvents = YES;
				INFOPLIST_KEY_UILaunchScreen_Generation = YES;
				INFOPLIST_KEY_UISupportedInterfaceOrientations_iPad = "UIInterfaceOrientationPortrait UIInterfaceOrientationPortraitUpsideDown UIInterfaceOrientationLandscapeLeft UIInterfaceOrientationLandscapeRight";
				INFOPLIST_KEY_UISupportedInterfaceOrientations_iPhone = "UIInterfaceOrientationPortrait UIInterfaceOrientationLandscapeLeft UIInterfaceOrientationLandscapeRight";
				IPHONEOS_DEPLOYMENT_TARGET = 18.0;
				LD_RUNPATH_SEARCH_PATHS = (
					"$(inherited)",
					"@executable_path/Frameworks",
				);
				MARKETING_VERSION = 1.0;
				PRODUCT_BUNDLE_IDENTIFIER = munnniisss.SmokingTracker;
				PRODUCT_NAME = "$(TARGET_NAME)";
				SWIFT_EMIT_LOC_STRINGS = YES;
				SWIFT_VERSION = 5.0;
				TARGETED_DEVICE_FAMILY = "1,2";
			};
			name = Debug;
		};
		89C889B32D6A8142003A24B9 /* Release */ = {
			isa = XCBuildConfiguration;
			buildSettings = {
				ASSETCATALOG_COMPILER_APPICON_NAME = AppIcon;
				ASSETCATALOG_COMPILER_GLOBAL_ACCENT_COLOR_NAME = AccentColor;
				CODE_SIGN_STYLE = Automatic;
				CURRENT_PROJECT_VERSION = 1;
				DEVELOPMENT_ASSET_PATHS = "\"SmokingTracker/Preview Content\"";
				DEVELOPMENT_TEAM = PJJ758JQ69;
				ENABLE_PREVIEWS = YES;
				GENERATE_INFOPLIST_FILE = YES;
				INFOPLIST_KEY_UIApplicationSceneManifest_Generation = YES;
				INFOPLIST_KEY_UIApplicationSupportsIndirectInputEvents = YES;
				INFOPLIST_KEY_UILaunchScreen_Generation = YES;
				INFOPLIST_KEY_UISupportedInterfaceOrientations_iPad = "UIInterfaceOrientationPortrait UIInterfaceOrientationPortraitUpsideDown UIInterfaceOrientationLandscapeLeft UIInterfaceOrientationLandscapeRight";
				INFOPLIST_KEY_UISupportedInterfaceOrientations_iPhone = "UIInterfaceOrientationPortrait UIInterfaceOrientationLandscapeLeft UIInterfaceOrientationLandscapeRight";
				IPHONEOS_DEPLOYMENT_TARGET = 18.0;
				LD_RUNPATH_SEARCH_PATHS = (
					"$(inherited)",
					"@executable_path/Frameworks",
				);
				MARKETING_VERSION = 1.0;
				PRODUCT_BUNDLE_IDENTIFIER = munnniisss.SmokingTracker;
				PRODUCT_NAME = "$(TARGET_NAME)";
				SWIFT_EMIT_LOC_STRINGS = YES;
				SWIFT_VERSION = 5.0;
				TARGETED_DEVICE_FAMILY = "1,2";
			};
			name = Release;
		};
		89C889B52D6A8142003A24B9 /* Debug */ = {
			isa = XCBuildConfiguration;
			buildSettings = {
				BUNDLE_LOADER = "$(TEST_HOST)";
				CODE_SIGN_STYLE = Automatic;
				CURRENT_PROJECT_VERSION = 1;
				DEVELOPMENT_TEAM = PJJ758JQ69;
				GENERATE_INFOPLIST_FILE = YES;
				IPHONEOS_DEPLOYMENT_TARGET = 18.2;
				MARKETING_VERSION = 1.0;
				PRODUCT_BUNDLE_IDENTIFIER = munnniisss.SmokingTrackerTests;
				PRODUCT_NAME = "$(TARGET_NAME)";
				SWIFT_EMIT_LOC_STRINGS = NO;
				SWIFT_VERSION = 5.0;
				TARGETED_DEVICE_FAMILY = "1,2";
				TEST_HOST = "$(BUILT_PRODUCTS_DIR)/SmokingTracker.app/$(BUNDLE_EXECUTABLE_FOLDER_PATH)/SmokingTracker";
			};
			name = Debug;
		};
		89C889B62D6A8142003A24B9 /* Release */ = {
			isa = XCBuildConfiguration;
			buildSettings = {
				BUNDLE_LOADER = "$(TEST_HOST)";
				CODE_SIGN_STYLE = Automatic;
				CURRENT_PROJECT_VERSION = 1;
				DEVELOPMENT_TEAM = PJJ758JQ69;
				GENERATE_INFOPLIST_FILE = YES;
				IPHONEOS_DEPLOYMENT_TARGET = 18.2;
				MARKETING_VERSION = 1.0;
				PRODUCT_BUNDLE_IDENTIFIER = munnniisss.SmokingTrackerTests;
				PRODUCT_NAME = "$(TARGET_NAME)";
				SWIFT_EMIT_LOC_STRINGS = NO;
				SWIFT_VERSION = 5.0;
				TARGETED_DEVICE_FAMILY = "1,2";
				TEST_HOST = "$(BUILT_PRODUCTS_DIR)/SmokingTracker.app/$(BUNDLE_EXECUTABLE_FOLDER_PATH)/SmokingTracker";
			};
			name = Release;
		};
		89C889B82D6A8142003A24B9 /* Debug */ = {
			isa = XCBuildConfiguration;
			buildSettings = {
				CODE_SIGN_STYLE = Automatic;
				CURRENT_PROJECT_VERSION = 1;
				DEVELOPMENT_TEAM = PJJ758JQ69;
				GENERATE_INFOPLIST_FILE = YES;
				MARKETING_VERSION = 1.0;
				PRODUCT_BUNDLE_IDENTIFIER = munnniisss.SmokingTrackerUITests;
				PRODUCT_NAME = "$(TARGET_NAME)";
				SWIFT_EMIT_LOC_STRINGS = NO;
				SWIFT_VERSION = 5.0;
				TARGETED_DEVICE_FAMILY = "1,2";
				TEST_TARGET_NAME = SmokingTracker;
			};
			name = Debug;
		};
		89C889B92D6A8142003A24B9 /* Release */ = {
			isa = XCBuildConfiguration;
			buildSettings = {
				CODE_SIGN_STYLE = Automatic;
				CURRENT_PROJECT_VERSION = 1;
				DEVELOPMENT_TEAM = PJJ758JQ69;
				GENERATE_INFOPLIST_FILE = YES;
				MARKETING_VERSION = 1.0;
				PRODUCT_BUNDLE_IDENTIFIER = munnniisss.SmokingTrackerUITests;
				PRODUCT_NAME = "$(TARGET_NAME)";
				SWIFT_EMIT_LOC_STRINGS = NO;
				SWIFT_VERSION = 5.0;
				TARGETED_DEVICE_FAMILY = "1,2";
				TEST_TARGET_NAME = SmokingTracker;
			};
			name = Release;
		};
/* End XCBuildConfiguration section */

/* Begin XCConfigurationList section */
		89C889862D6A8130003A24B9 /* Build configuration list for PBXProject "SmokingTracker" */ = {
			isa = XCConfigurationList;
			buildConfigurations = (
				89C889AF2D6A8142003A24B9 /* Debug */,
				89C889B02D6A8142003A24B9 /* Release */,
			);
			defaultConfigurationIsVisible = 0;
			defaultConfigurationName = Release;
		};
		89C889B12D6A8142003A24B9 /* Build configuration list for PBXNativeTarget "SmokingTracker" */ = {
			isa = XCConfigurationList;
			buildConfigurations = (
				89C889B22D6A8142003A24B9 /* Debug */,
				89C889B32D6A8142003A24B9 /* Release */,
			);
			defaultConfigurationIsVisible = 0;
			defaultConfigurationName = Release;
		};
		89C889B42D6A8142003A24B9 /* Build configuration list for PBXNativeTarget "SmokingTrackerTests" */ = {
			isa = XCConfigurationList;
			buildConfigurations = (
				89C889B52D6A8142003A24B9 /* Debug */,
				89C889B62D6A8142003A24B9 /* Release */,
			);
			defaultConfigurationIsVisible = 0;
			defaultConfigurationName = Release;
		};
		89C889B72D6A8142003A24B9 /* Build configuration list for PBXNativeTarget "SmokingTrackerUITests" */ = {
			isa = XCConfigurationList;
			buildConfigurations = (
				89C889B82D6A8142003A24B9 /* Debug */,
				89C889B92D6A8142003A24B9 /* Release */,
			);
			defaultConfigurationIsVisible = 0;
			defaultConfigurationName = Release;
		};
/* End XCConfigurationList section */

/* Begin XCRemoteSwiftPackageReference section */
		89716C1E2D6BC6FB001D80C2 /* XCRemoteSwiftPackageReference "Charts" */ = {
			isa = XCRemoteSwiftPackageReference;
			repositoryURL = "https://github.com/danielgindi/Charts.git";
			requirement = {
				kind = upToNextMajorVersion;
				minimumVersion = 5.1.0;
			};
		};
/* End XCRemoteSwiftPackageReference section */
	};
	rootObject = 89C889832D6A8130003A24B9 /* Project object */;
}
